
Microsoft Visual Studio Solution File, Format Version 12.00
# Visual Studio Version 17
VisualStudioVersion = 17.8.34322.80
MinimumVisualStudioVersion = 10.0.40219.1
Project("{FAE04EC0-301F-11D3-BF4B-00C04F79EFBC}") = "AbsenceManagementSystemApi", "AbsenceManagementSystemApi\AbsenceManagementSystemApi.csproj", "{BF183BF0-92EF-4C13-A01E-0E92408B8818}"
EndProject
Global
	GlobalSection(SolutionConfigurationPlatforms) = preSolution
		Debug|Any CPU = Debug|Any CPU
		Release|Any CPU = Release|Any CPU
	EndGlobalSection
	GlobalSection(ProjectConfigurationPlatforms) = postSolution
		{BF183BF0-92EF-4C13-A01E-0E92408B8818}.Debug|Any CPU.ActiveCfg = Debug|Any CPU
		{BF183BF0-92EF-4C13-A01E-0E92408B8818}.Debug|Any CPU.Build.0 = Debug|Any CPU
		{BF183BF0-92EF-4C13-A01E-0E92408B8818}.Release|Any CPU.ActiveCfg = Release|Any CPU
		{BF183BF0-92EF-4C13-A01E-0E92408B8818}.Release|Any CPU.Build.0 = Release|Any CPU
	EndGlobalSection
	GlobalSection(SolutionProperties) = preSolution
		HideSolutionNode = FALSE
	EndGlobalSection
	GlobalSection(ExtensibilityGlobals) = postSolution
		SolutionGuid = {2944E86E-E635-49E3-AB88-46E95F1C2FA1}
	EndGlobalSection
EndGlobal
